
Microsoft Visual Studio Solution File, Format Version 12.00
# Visual Studio 15
VisualStudioVersion = 15.0.26730.8
MinimumVisualStudioVersion = 10.0.40219.1
Project("{8BC9CEB8-8B4A-11D0-8D11-00A0C91BC942}") = "List", "List\List.vcxproj", "{0E66D59B-492E-4D02-9EAE-EDA0F079F26E}"
EndProject
Global
	GlobalSection(SolutionConfigurationPlatforms) = preSolution
		Debug|x64 = Debug|x64
		Debug|x86 = Debug|x86
		Release|x64 = Release|x64
		Release|x86 = Release|x86
	EndGlobalSection
	GlobalSection(ProjectConfigurationPlatforms) = postSolution
		{0E66D59B-492E-4D02-9EAE-EDA0F079F26E}.Debug|x64.ActiveCfg = Debug|x64
		{0E66D59B-492E-4D02-9EAE-EDA0F079F26E}.Debug|x64.Build.0 = Debug|x64
		{0E66D59B-492E-4D02-9EAE-EDA0F079F26E}.Debug|x86.ActiveCfg = Debug|Win32
		{0E66D59B-492E-4D02-9EAE-EDA0F079F26E}.Debug|x86.Build.0 = Debug|Win32
		{0E66D59B-492E-4D02-9EAE-EDA0F079F26E}.Release|x64.ActiveCfg = Release|x64
		{0E66D59B-492E-4D02-9EAE-EDA0F079F26E}.Release|x64.Build.0 = Release|x64
		{0E66D59B-492E-4D02-9EAE-EDA0F079F26E}.Release|x86.ActiveCfg = Release|Win32
		{0E66D59B-492E-4D02-9EAE-EDA0F079F26E}.Release|x86.Build.0 = Release|Win32
	EndGlobalSection
	GlobalSection(SolutionProperties) = preSolution
		HideSolutionNode = FALSE
	EndGlobalSection
	GlobalSection(ExtensibilityGlobals) = postSolution
		SolutionGuid = {EE7B86AC-A150-4274-AA58-62D8EFD02EF0}
	EndGlobalSection
EndGlobal
